
Microsoft Visual Studio Solution File, Format Version 12.00
# Visual Studio Version 16
VisualStudioVersion = 16.0.29709.97
MinimumVisualStudioVersion = 10.0.40219.1
Project("{FAE04EC0-301F-11D3-BF4B-00C04F79EFBC}") = "ASP.NET NUWM", "ASP.NET NUWM\ASP.NET NUWM.csproj", "{7CDEDBD2-419C-4FD6-8A31-099425DEBAD7}"
EndProject
Global
	GlobalSection(SolutionConfigurationPlatforms) = preSolution
		Debug|Any CPU = Debug|Any CPU
		Release|Any CPU = Release|Any CPU
	EndGlobalSection
	GlobalSection(ProjectConfigurationPlatforms) = postSolution
		{7CDEDBD2-419C-4FD6-8A31-099425DEBAD7}.Debug|Any CPU.ActiveCfg = Debug|Any CPU
		{7CDEDBD2-419C-4FD6-8A31-099425DEBAD7}.Debug|Any CPU.Build.0 = Debug|Any CPU
		{7CDEDBD2-419C-4FD6-8A31-099425DEBAD7}.Release|Any CPU.ActiveCfg = Release|Any CPU
		{7CDEDBD2-419C-4FD6-8A31-099425DEBAD7}.Release|Any CPU.Build.0 = Release|Any CPU
	EndGlobalSection
	GlobalSection(SolutionProperties) = preSolution
		HideSolutionNode = FALSE
	EndGlobalSection
	GlobalSection(ExtensibilityGlobals) = postSolution
		SolutionGuid = {3BE89705-377D-411B-867C-6C16556C5B8F}
	EndGlobalSection
EndGlobal
